// !$*UTF8*$!
{
	archiveVersion = 1;
	classes = {
	};
	objectVersion = 50;
	objects = {

/* Begin PBXBuildFile section */
		E90B191F23D47EE2005EBCF8 /* AppDelegate.swift in Sources */ = {isa = PBXBuildFile; fileRef = E90B191E23D47EE2005EBCF8 /* AppDelegate.swift */; };
		E90B192123D47EE2005EBCF8 /* SceneDelegate.swift in Sources */ = {isa = PBXBuildFile; fileRef = E90B192023D47EE2005EBCF8 /* SceneDelegate.swift */; };
		E90B192323D47EE2005EBCF8 /* ViewController.swift in Sources */ = {isa = PBXBuildFile; fileRef = E90B192223D47EE2005EBCF8 /* ViewController.swift */; };
		E90B192623D47EE2005EBCF8 /* Main.storyboard in Resources */ = {isa = PBXBuildFile; fileRef = E90B192423D47EE2005EBCF8 /* Main.storyboard */; };
		E90B192823D47EE3005EBCF8 /* Assets.xcassets in Resources */ = {isa = PBXBuildFile; fileRef = E90B192723D47EE3005EBCF8 /* Assets.xcassets */; };
		E90B192B23D47EE3005EBCF8 /* LaunchScreen.storyboard in Resources */ = {isa = PBXBuildFile; fileRef = E90B192923D47EE3005EBCF8 /* LaunchScreen.storyboard */; };
		E90B193323D494C8005EBCF8 /* WelcomeViewController.swift in Sources */ = {isa = PBXBuildFile; fileRef = E90B193223D494C8005EBCF8 /* WelcomeViewController.swift */; };
		E90B193523D49545005EBCF8 /* CalculatorLogic.swift in Sources */ = {isa = PBXBuildFile; fileRef = E90B193423D49545005EBCF8 /* CalculatorLogic.swift */; };
/* End PBXBuildFile section */

/* Begin PBXFileReference section */
		E90B191B23D47EE2005EBCF8 /* Jam Calculator.app */ = {isa = PBXFileReference; explicitFileType = wrapper.application; includeInIndex = 0; path = "Jam Calculator.app"; sourceTree = BUILT_PRODUCTS_DIR; };
		E90B191E23D47EE2005EBCF8 /* AppDelegate.swift */ = {isa = PBXFileReference; lastKnownFileType = sourcecode.swift; path = AppDelegate.swift; sourceTree = "<group>"; };
		E90B192023D47EE2005EBCF8 /* SceneDelegate.swift */ = {isa = PBXFileReference; lastKnownFileType = sourcecode.swift; path = SceneDelegate.swift; sourceTree = "<group>"; };
		E90B192223D47EE2005EBCF8 /* ViewController.swift */ = {isa = PBXFileReference; lastKnownFileType = sourcecode.swift; path = ViewController.swift; sourceTree = "<group>"; };
		E90B192523D47EE2005EBCF8 /* Base */ = {isa = PBXFileReference; lastKnownFileType = file.storyboard; name = Base; path = Base.lproj/Main.storyboard; sourceTree = "<group>"; };
		E90B192723D47EE3005EBCF8 /* Assets.xcassets */ = {isa = PBXFileReference; lastKnownFileType = folder.assetcatalog; path = Assets.xcassets; sourceTree = "<group>"; };
		E90B192A23D47EE3005EBCF8 /* Base */ = {isa = PBXFileReference; lastKnownFileType = file.storyboard; name = Base; path = Base.lproj/LaunchScreen.storyboard; sourceTree = "<group>"; };
		E90B192C23D47EE3005EBCF8 /* Info.plist */ = {isa = PBXFileReference; lastKnownFileType = text.plist.xml; path = Info.plist; sourceTree = "<group>"; };
		E90B193223D494C8005EBCF8 /* WelcomeViewController.swift */ = {isa = PBXFileReference; lastKnownFileType = sourcecode.swift; path = WelcomeViewController.swift; sourceTree = "<group>"; };
		E90B193423D49545005EBCF8 /* CalculatorLogic.swift */ = {isa = PBXFileReference; lastKnownFileType = sourcecode.swift; path = CalculatorLogic.swift; sourceTree = "<group>"; };
/* End PBXFileReference section */

/* Begin PBXFrameworksBuildPhase section */
		E90B191823D47EE2005EBCF8 /* Frameworks */ = {
			isa = PBXFrameworksBuildPhase;
			buildActionMask = 2147483647;
			files = (
			);
			runOnlyForDeploymentPostprocessing = 0;
		};
/* End PBXFrameworksBuildPhase section */

/* Begin PBXGroup section */
		E90B191223D47EE2005EBCF8 = {
			isa = PBXGroup;
			children = (
				E90B191D23D47EE2005EBCF8 /* Simple Calculator */,
				E90B191C23D47EE2005EBCF8 /* Products */,
			);
			sourceTree = "<group>";
		};
		E90B191C23D47EE2005EBCF8 /* Products */ = {
			isa = PBXGroup;
			children = (
				E90B191B23D47EE2005EBCF8 /* Jam Calculator.app */,
			);
			name = Products;
			sourceTree = "<group>";
		};
		E90B191D23D47EE2005EBCF8 /* Simple Calculator */ = {
			isa = PBXGroup;
			children = (
				E90B191E23D47EE2005EBCF8 /* AppDelegate.swift */,
				E90B192023D47EE2005EBCF8 /* SceneDelegate.swift */,
				E90B193723D49597005EBCF8 /* Controller */,
				E90B192423D47EE2005EBCF8 /* Main.storyboard */,
				E90B193623D49567005EBCF8 /* Model */,
				E90B192723D47EE3005EBCF8 /* Assets.xcassets */,
				E90B192923D47EE3005EBCF8 /* LaunchScreen.storyboard */,
				E90B192C23D47EE3005EBCF8 /* Info.plist */,
			);
			path = "Simple Calculator";
			sourceTree = "<group>";
		};
		E90B193623D49567005EBCF8 /* Model */ = {
			isa = PBXGroup;
			children = (
				E90B193423D49545005EBCF8 /* CalculatorLogic.swift */,
			);
			path = Model;
			sourceTree = "<group>";
		};
		E90B193723D49597005EBCF8 /* Controller */ = {
			isa = PBXGroup;
			children = (
				E90B192223D47EE2005EBCF8 /* ViewController.swift */,
				E90B193223D494C8005EBCF8 /* WelcomeViewController.swift */,
			);
			path = Controller;
			sourceTree = "<group>";
		};
/* End PBXGroup section */

/* Begin PBXNativeTarget section */
		E90B191A23D47EE2005EBCF8 /* Jam Calculator */ = {
			isa = PBXNativeTarget;
			buildConfigurationList = E90B192F23D47EE3005EBCF8 /* Build configuration list for PBXNativeTarget "Jam Calculator" */;
			buildPhases = (
				E90B191723D47EE2005EBCF8 /* Sources */,
				E90B191823D47EE2005EBCF8 /* Frameworks */,
				E90B191923D47EE2005EBCF8 /* Resources */,
			);
			buildRules = (
			);
			dependencies = (
			);
			name = "Jam Calculator";
			productName = "Simple Calculator";
			productReference = E90B191B23D47EE2005EBCF8 /* Jam Calculator.app */;
			productType = "com.apple.product-type.application";
		};
/* End PBXNativeTarget section */

/* Begin PBXProject section */
		E90B191323D47EE2005EBCF8 /* Project object */ = {
			isa = PBXProject;
			attributes = {
				LastSwiftUpdateCheck = 1130;
				LastUpgradeCheck = 1130;
				ORGANIZATIONNAME = "Sherif Musa";
				TargetAttributes = {
					E90B191A23D47EE2005EBCF8 = {
						CreatedOnToolsVersion = 11.3.1;
					};
				};
			};
			buildConfigurationList = E90B191623D47EE2005EBCF8 /* Build configuration list for PBXProject "Jam Calculator" */;
			compatibilityVersion = "Xcode 9.3";
			developmentRegion = en;
			hasScannedForEncodings = 0;
			knownRegions = (
				en,
				Base,
			);
			mainGroup = E90B191223D47EE2005EBCF8;
			productRefGroup = E90B191C23D47EE2005EBCF8 /* Products */;
			projectDirPath = "";
			projectRoot = "";
			targets = (
				E90B191A23D47EE2005EBCF8 /* Jam Calculator */,
			);
		};
/* End PBXProject section */

/* Begin PBXResourcesBuildPhase section */
		E90B191923D47EE2005EBCF8 /* Resources */ = {
			isa = PBXResourcesBuildPhase;
			buildActionMask = 2147483647;
			files = (
				E90B192B23D47EE3005EBCF8 /* LaunchScreen.storyboard in Resources */,
				E90B192823D47EE3005EBCF8 /* Assets.xcassets in Resources */,
				E90B192623D47EE2005EBCF8 /* Main.storyboard in Resources */,
			);
			runOnlyForDeploymentPostprocessing = 0;
		};
/* End PBXResourcesBuildPhase section */

/* Begin PBXSourcesBuildPhase section */
		E90B191723D47EE2005EBCF8 /* Sources */ = {
			isa = PBXSourcesBuildPhase;
			buildActionMask = 2147483647;
			files = (
				E90B192323D47EE2005EBCF8 /* ViewController.swift in Sources */,
				E90B193323D494C8005EBCF8 /* WelcomeViewController.swift in Sources */,
				E90B193523D49545005EBCF8 /* CalculatorLogic.swift in Sources */,
				E90B191F23D47EE2005EBCF8 /* AppDelegate.swift in Sources */,
				E90B192123D47EE2005EBCF8 /* SceneDelegate.swift in Sources */,
			);
			runOnlyForDeploymentPostprocessing = 0;
		};
/* End PBXSourcesBuildPhase section */

/* Begin PBXVariantGroup section */
		E90B192423D47EE2005EBCF8 /* Main.storyboard */ = {
			isa = PBXVariantGroup;
			children = (
				E90B192523D47EE2005EBCF8 /* Base */,
			);
			name = Main.storyboard;
			sourceTree = "<group>";
		};
		E90B192923D47EE3005EBCF8 /* LaunchScreen.storyboard */ = {
			isa = PBXVariantGroup;
			children = (
				E90B192A23D47EE3005EBCF8 /* Base */,
			);
			name = LaunchScreen.storyboard;
			sourceTree = "<group>";
		};
/* End PBXVariantGroup section */

/* Begin XCBuildConfiguration section */
		E90B192D23D47EE3005EBCF8 /* Debug */ = {
			isa = XCBuildConfiguration;
			buildSettings = {
				ALWAYS_SEARCH_USER_PATHS = NO;
				CLANG_ANALYZER_NONNULL = YES;
				CLANG_ANALYZER_NUMBER_OBJECT_CONVERSION = YES_AGGRESSIVE;
				CLANG_CXX_LANGUAGE_STANDARD = "gnu++14";
				CLANG_CXX_LIBRARY = "libc++";
				CLANG_ENABLE_MODULES = YES;
				CLANG_ENABLE_OBJC_ARC = YES;
				CLANG_ENABLE_OBJC_WEAK = YES;
				CLANG_WARN_BLOCK_CAPTURE_AUTORELEASING = YES;
				CLANG_WARN_BOOL_CONVERSION = YES;
				CLANG_WARN_COMMA = YES;
				CLANG_WARN_CONSTANT_CONVERSION = YES;
				CLANG_WARN_DEPRECATED_OBJC_IMPLEMENTATIONS = YES;
				CLANG_WARN_DIRECT_OBJC_ISA_USAGE = YES_ERROR;
				CLANG_WARN_DOCUMENTATION_COMMENTS = YES;
				CLANG_WARN_EMPTY_BODY = YES;
				CLANG_WARN_ENUM_CONVERSION = YES;
				CLANG_WARN_INFINITE_RECURSION = YES;
				CLANG_WARN_INT_CONVERSION = YES;
				CLANG_WARN_NON_LITERAL_NULL_CONVERSION = YES;
				CLANG_WARN_OBJC_IMPLICIT_RETAIN_SELF = YES;
				CLANG_WARN_OBJC_LITERAL_CONVERSION = YES;
				CLANG_WARN_OBJC_ROOT_CLASS = YES_ERROR;
				CLANG_WARN_RANGE_LOOP_ANALYSIS = YES;
				CLANG_WARN_STRICT_PROTOTYPES = YES;
				CLANG_WARN_SUSPICIOUS_MOVE = YES;
				CLANG_WARN_UNGUARDED_AVAILABILITY = YES_AGGRESSIVE;
				CLANG_WARN_UNREACHABLE_CODE = YES;
				CLANG_WARN__DUPLICATE_METHOD_MATCH = YES;
				COPY_PHASE_STRIP = NO;
				DEBUG_INFORMATION_FORMAT = dwarf;
				ENABLE_STRICT_OBJC_MSGSEND = YES;
				ENABLE_TESTABILITY = YES;
				GCC_C_LANGUAGE_STANDARD = gnu11;
				GCC_DYNAMIC_NO_PIC = NO;
				GCC_NO_COMMON_BLOCKS = YES;
				GCC_OPTIMIZATION_LEVEL = 0;
				GCC_PREPROCESSOR_DEFINITIONS = (
					"DEBUG=1",
					"$(inherited)",
				);
				GCC_WARN_64_TO_32_BIT_CONVERSION = YES;
				GCC_WARN_ABOUT_RETURN_TYPE = YES_ERROR;
				GCC_WARN_UNDECLARED_SELECTOR = YES;
				GCC_WARN_UNINITIALIZED_AUTOS = YES_AGGRESSIVE;
				GCC_WARN_UNUSED_FUNCTION = YES;
				GCC_WARN_UNUSED_VARIABLE = YES;
				IPHONEOS_DEPLOYMENT_TARGET = 13.2;
				MTL_ENABLE_DEBUG_INFO = INCLUDE_SOURCE;
				MTL_FAST_MATH = YES;
				ONLY_ACTIVE_ARCH = YES;
				SDKROOT = iphoneos;
				SWIFT_ACTIVE_COMPILATION_CONDITIONS = DEBUG;
				SWIFT_OPTIMIZATION_LEVEL = "-Onone";
			};
			name = Debug;
		};
		E90B192E23D47EE3005EBCF8 /* Release */ = {
			isa = XCBuildConfiguration;
			buildSettings = {
				ALWAYS_SEARCH_USER_PATHS = NO;
				CLANG_ANALYZER_NONNULL = YES;
				CLANG_ANALYZER_NUMBER_OBJECT_CONVERSION = YES_AGGRESSIVE;
				CLANG_CXX_LANGUAGE_STANDARD = "gnu++14";
				CLANG_CXX_LIBRARY = "libc++";
				CLANG_ENABLE_MODULES = YES;
				CLANG_ENABLE_OBJC_ARC = YES;
				CLANG_ENABLE_OBJC_WEAK = YES;
				CLANG_WARN_BLOCK_CAPTURE_AUTORELEASING = YES;
				CLANG_WARN_BOOL_CONVERSION = YES;
				CLANG_WARN_COMMA = YES;
				CLANG_WARN_CONSTANT_CONVERSION = YES;
				CLANG_WARN_DEPRECATED_OBJC_IMPLEMENTATIONS = YES;
				CLANG_WARN_DIRECT_OBJC_ISA_USAGE = YES_ERROR;
				CLANG_WARN_DOCUMENTATION_COMMENTS = YES;
				CLANG_WARN_EMPTY_BODY = YES;
				CLANG_WARN_ENUM_CONVERSION = YES;
				CLANG_WARN_INFINITE_RECURSION = YES;
				CLANG_WARN_INT_CONVERSION = YES;
				CLANG_WARN_NON_LITERAL_NULL_CONVERSION = YES;
				CLANG_WARN_OBJC_IMPLICIT_RETAIN_SELF = YES;
				CLANG_WARN_OBJC_LITERAL_CONVERSION = YES;
				CLANG_WARN_OBJC_ROOT_CLASS = YES_ERROR;
				CLANG_WARN_RANGE_LOOP_ANALYSIS = YES;
				CLANG_WARN_STRICT_PROTOTYPES = YES;
				CLANG_WARN_SUSPICIOUS_MOVE = YES;
				CLANG_WARN_UNGUARDED_AVAILABILITY = YES_AGGRESSIVE;
				CLANG_WARN_UNREACHABLE_CODE = YES;
				CLANG_WARN__DUPLICATE_METHOD_MATCH = YES;
				COPY_PHASE_STRIP = NO;
				DEBUG_INFORMATION_FORMAT = "dwarf-with-dsym";
				ENABLE_NS_ASSERTIONS = NO;
				ENABLE_STRICT_OBJC_MSGSEND = YES;
				GCC_C_LANGUAGE_STANDARD = gnu11;
				GCC_NO_COMMON_BLOCKS = YES;
				GCC_WARN_64_TO_32_BIT_CONVERSION = YES;
				GCC_WARN_ABOUT_RETURN_TYPE = YES_ERROR;
				GCC_WARN_UNDECLARED_SELECTOR = YES;
				GCC_WARN_UNINITIALIZED_AUTOS = YES_AGGRESSIVE;
				GCC_WARN_UNUSED_FUNCTION = YES;
				GCC_WARN_UNUSED_VARIABLE = YES;
				IPHONEOS_DEPLOYMENT_TARGET = 13.2;
				MTL_ENABLE_DEBUG_INFO = NO;
				MTL_FAST_MATH = YES;
				SDKROOT = iphoneos;
				SWIFT_COMPILATION_MODE = wholemodule;
				SWIFT_OPTIMIZATION_LEVEL = "-O";
				VALIDATE_PRODUCT = YES;
			};
			name = Release;
		};
		E90B193023D47EE3005EBCF8 /* Debug */ = {
			isa = XCBuildConfiguration;
			buildSettings = {
				ASSETCATALOG_COMPILER_APPICON_NAME = AppIcon;
				CODE_SIGN_STYLE = Automatic;
				DEVELOPMENT_TEAM = RYP5ZDTU4M;
				INFOPLIST_FILE = "Simple Calculator/Info.plist";
				LD_RUNPATH_SEARCH_PATHS = (
					"$(inherited)",
					"@executable_path/Frameworks",
				);
				PRODUCT_BUNDLE_IDENTIFIER = "CoinToss.Jam-Calculator";
				PRODUCT_NAME = "Jam Calculator";
				SWIFT_VERSION = 5.0;
				TARGETED_DEVICE_FAMILY = 1;
			};
			name = Debug;
		};
		E90B193123D47EE3005EBCF8 /* Release */ = {
			isa = XCBuildConfiguration;
			buildSettings = {
				ASSETCATALOG_COMPILER_APPICON_NAME = AppIcon;
				CODE_SIGN_STYLE = Automatic;
				DEVELOPMENT_TEAM = RYP5ZDTU4M;
				INFOPLIST_FILE = "Simple Calculator/Info.plist";
				LD_RUNPATH_SEARCH_PATHS = (
					"$(inherited)",
					"@executable_path/Frameworks",
				);
				PRODUCT_BUNDLE_IDENTIFIER = "CoinToss.Jam-Calculator";
				PRODUCT_NAME = "Jam Calculator";
				SWIFT_VERSION = 5.0;
				TARGETED_DEVICE_FAMILY = 1;
			};
			name = Release;
		};
/* End XCBuildConfiguration section */

/* Begin XCConfigurationList section */
		E90B191623D47EE2005EBCF8 /* Build configuration list for PBXProject "Jam Calculator" */ = {
			isa = XCConfigurationList;
			buildConfigurations = (
				E90B192D23D47EE3005EBCF8 /* Debug */,
				E90B192E23D47EE3005EBCF8 /* Release */,
			);
			defaultConfigurationIsVisible = 0;
			defaultConfigurationName = Release;
		};
		E90B192F23D47EE3005EBCF8 /* Build configuration list for PBXNativeTarget "Jam Calculator" */ = {
			isa = XCConfigurationList;
			buildConfigurations = (
				E90B193023D47EE3005EBCF8 /* Debug */,
				E90B193123D47EE3005EBCF8 /* Release */,
			);
			defaultConfigurationIsVisible = 0;
			defaultConfigurationName = Release;
		};
/* End XCConfigurationList section */
	};
	rootObject = E90B191323D47EE2005EBCF8 /* Project object */;
}
